lockfileVersion: '9.0'

settings:
  autoInstallPeers: true
  excludeLinksFromLockfile: false

importers:

  .:
    dependencies:
      use-debounce:
        specifier: ^10.0.4
        version: 10.0.4(react@19.0.0)

packages:

  react@19.0.0:
    resolution: {integrity: sha512-V8AVnmPIICiWpGfm6GLzCR/W5FXLchHop40W4nXBmdlEceh16rCN8O8LNWm5bh5XUX91fh7KpA+W0TgMKmgTpQ==}
    engines: {node: '>=0.10.0'}

  use-debounce@10.0.4:
    resolution: {integrity: sha512-6Cf7Yr7Wk7Kdv77nnJMf6de4HuDE4dTxKij+RqE9rufDsI6zsbjyAxcH5y2ueJCQAnfgKbzXbZHYlkFwmBlWkw==}
    engines: {node: '>= 16.0.0'}
    peerDependencies:
      react: '*'

snapshots:

  react@19.0.0: {}

  use-debounce@10.0.4(react@19.0.0):
    dependencies:
      react: 19.0.0
